// !$*UTF8*$!
{
	archiveVersion = 1;
	classes = {
	};
	objectVersion = 50;
	objects = {

/* Begin PBXBuildFile section */
		450D020520B0E4630025C2A2 /* MapViewController.swift in Sources */ = {isa = PBXBuildFile; fileRef = 450D020420B0E4630025C2A2 /* MapViewController.swift */; };
		450D020720B0EBBB0025C2A2 /* MeasurePointsDataTableViewController.swift in Sources */ = {isa = PBXBuildFile; fileRef = 450D020620B0EBBB0025C2A2 /* MeasurePointsDataTableViewController.swift */; };
		450D020920B0F1C80025C2A2 /* MeasurePointTableViewCell.swift in Sources */ = {isa = PBXBuildFile; fileRef = 450D020820B0F1C80025C2A2 /* MeasurePointTableViewCell.swift */; };
		45198DB420D5957600D4D3C9 /* FavoritesViewController.swift in Sources */ = {isa = PBXBuildFile; fileRef = 45198DB320D5957600D4D3C9 /* FavoritesViewController.swift */; };
		4535045720B9F678003BFF6F /* MeasurePointClass.swift in Sources */ = {isa = PBXBuildFile; fileRef = 4535045620B9F678003BFF6F /* MeasurePointClass.swift */; };
		4538AB6020B09C0A00961E34 /* MeasurePoint.swift in Sources */ = {isa = PBXBuildFile; fileRef = 4538AB5F20B09C0A00961E34 /* MeasurePoint.swift */; };
		4538AB6220B09FE900961E34 /* QueryServices.swift in Sources */ = {isa = PBXBuildFile; fileRef = 4538AB6120B09FE900961E34 /* QueryServices.swift */; };
		4538AB6720B0A88900961E34 /* AppData.swift in Sources */ = {isa = PBXBuildFile; fileRef = 4538AB6620B0A88900961E34 /* AppData.swift */; };
		455038A220B099DB006CE5EB /* AppDelegate.swift in Sources */ = {isa = PBXBuildFile; fileRef = 455038A120B099DB006CE5EB /* AppDelegate.swift */; };
		455038A920B099DB006CE5EB /* Main.storyboard in Resources */ = {isa = PBXBuildFile; fileRef = 455038A720B099DB006CE5EB /* Main.storyboard */; };
		455038AB20B099DC006CE5EB /* Assets.xcassets in Resources */ = {isa = PBXBuildFile; fileRef = 455038AA20B099DC006CE5EB /* Assets.xcassets */; };
		455038AE20B099DC006CE5EB /* LaunchScreen.storyboard in Resources */ = {isa = PBXBuildFile; fileRef = 455038AC20B099DC006CE5EB /* LaunchScreen.storyboard */; };
		455038B720B099F5006CE5EB /* MapKit.framework in Frameworks */ = {isa = PBXBuildFile; fileRef = 455038B620B099F5006CE5EB /* MapKit.framework */; };
		455867E020D6BAB100A5F7C6 /* FileAccess.swift in Sources */ = {isa = PBXBuildFile; fileRef = 455867DF20D6BAB100A5F7C6 /* FileAccess.swift */; };
		4563DF6820C722A1007BFEED /* MeasureReading.swift in Sources */ = {isa = PBXBuildFile; fileRef = 4563DF6720C722A1007BFEED /* MeasureReading.swift */; };
		4575499420DF04960096BCE3 /* UIViewControllerExtensions.swift in Sources */ = {isa = PBXBuildFile; fileRef = 4575499320DF04960096BCE3 /* UIViewControllerExtensions.swift */; };
		45872F1320DB401F005B0946 /* MeasurePointFavoriteEmptyCell.swift in Sources */ = {isa = PBXBuildFile; fileRef = 45872F1220DB401F005B0946 /* MeasurePointFavoriteEmptyCell.swift */; };
		45B1820020D5D070008E7843 /* DetailViewController.swift in Sources */ = {isa = PBXBuildFile; fileRef = 45B181FF20D5D070008E7843 /* DetailViewController.swift */; };
		45FB99BA20CC7866000EA007 /* DetailData.swift in Sources */ = {isa = PBXBuildFile; fileRef = 45FB99B920CC7866000EA007 /* DetailData.swift */; };
		C00C781DE5005DB365F5EBF0 /* Pods_MeasurePoints.framework in Frameworks */ = {isa = PBXBuildFile; fileRef = 758F1B8B0F74B99CE932DED1 /* Pods_MeasurePoints.framework */; };
/* End PBXBuildFile section */

/* Begin PBXFileReference section */
		21DB0E213EB2116F34D26280 /* Pods-MeasurePoints.release.xcconfig */ = {isa = PBXFileReference; includeInIndex = 1; lastKnownFileType = text.xcconfig; name = "Pods-MeasurePoints.release.xcconfig"; path = "Pods/Target Support Files/Pods-MeasurePoints/Pods-MeasurePoints.release.xcconfig"; sourceTree = "<group>"; };
		34E1FCEC380C4EAB2F579894 /* Pods-MeasurePoints.debug.xcconfig */ = {isa = PBXFileReference; includeInIndex = 1; lastKnownFileType = text.xcconfig; name = "Pods-MeasurePoints.debug.xcconfig"; path = "Pods/Target Support Files/Pods-MeasurePoints/Pods-MeasurePoints.debug.xcconfig"; sourceTree = "<group>"; };
		450D020420B0E4630025C2A2 /* MapViewController.swift */ = {isa = PBXFileReference; lastKnownFileType = sourcecode.swift; path = MapViewController.swift; sourceTree = "<group>"; };
		450D020620B0EBBB0025C2A2 /* MeasurePointsDataTableViewController.swift */ = {isa = PBXFileReference; lastKnownFileType = sourcecode.swift; path = MeasurePointsDataTableViewController.swift; sourceTree = "<group>"; };
		450D020820B0F1C80025C2A2 /* MeasurePointTableViewCell.swift */ = {isa = PBXFileReference; lastKnownFileType = sourcecode.swift; path = MeasurePointTableViewCell.swift; sourceTree = "<group>"; };
		45198DB320D5957600D4D3C9 /* FavoritesViewController.swift */ = {isa = PBXFileReference; lastKnownFileType = sourcecode.swift; path = FavoritesViewController.swift; sourceTree = "<group>"; };
		4535045620B9F678003BFF6F /* MeasurePointClass.swift */ = {isa = PBXFileReference; lastKnownFileType = sourcecode.swift; path = MeasurePointClass.swift; sourceTree = "<group>"; };
		4538AB5F20B09C0A00961E34 /* MeasurePoint.swift */ = {isa = PBXFileReference; lastKnownFileType = sourcecode.swift; path = MeasurePoint.swift; sourceTree = "<group>"; };
		4538AB6120B09FE900961E34 /* QueryServices.swift */ = {isa = PBXFileReference; lastKnownFileType = sourcecode.swift; path = QueryServices.swift; sourceTree = "<group>"; };
		4538AB6620B0A88900961E34 /* AppData.swift */ = {isa = PBXFileReference; lastKnownFileType = sourcecode.swift; path = AppData.swift; sourceTree = "<group>"; };
		4550389E20B099DB006CE5EB /* MeasurePoints.app */ = {isa = PBXFileReference; explicitFileType = wrapper.application; includeInIndex = 0; path = MeasurePoints.app; sourceTree = BUILT_PRODUCTS_DIR; };
		455038A120B099DB006CE5EB /* AppDelegate.swift */ = {isa = PBXFileReference; lastKnownFileType = sourcecode.swift; path = AppDelegate.swift; sourceTree = "<group>"; };
		455038A820B099DB006CE5EB /* Base */ = {isa = PBXFileReference; lastKnownFileType = file.storyboard; name = Base; path = Base.lproj/Main.storyboard; sourceTree = "<group>"; };
		455038AA20B099DC006CE5EB /* Assets.xcassets */ = {isa = PBXFileReference; lastKnownFileType = folder.assetcatalog; path = Assets.xcassets; sourceTree = "<group>"; };
		455038AD20B099DC006CE5EB /* Base */ = {isa = PBXFileReference; lastKnownFileType = file.storyboard; name = Base; path = Base.lproj/LaunchScreen.storyboard; sourceTree = "<group>"; };
		455038AF20B099DC006CE5EB /* Info.plist */ = {isa = PBXFileReference; lastKnownFileType = text.plist.xml; path = Info.plist; sourceTree = "<group>"; };
		455038B620B099F5006CE5EB /* MapKit.framework */ = {isa = PBXFileReference; lastKnownFileType = wrapper.framework; name = MapKit.framework; path = System/Library/Frameworks/MapKit.framework; sourceTree = SDKROOT; };
		455867DF20D6BAB100A5F7C6 /* FileAccess.swift */ = {isa = PBXFileReference; lastKnownFileType = sourcecode.swift; path = FileAccess.swift; sourceTree = "<group>"; };
		4563DF6720C722A1007BFEED /* MeasureReading.swift */ = {isa = PBXFileReference; lastKnownFileType = sourcecode.swift; path = MeasureReading.swift; sourceTree = "<group>"; };
		4575499320DF04960096BCE3 /* UIViewControllerExtensions.swift */ = {isa = PBXFileReference; lastKnownFileType = sourcecode.swift; path = UIViewControllerExtensions.swift; sourceTree = "<group>"; };
		45872F1220DB401F005B0946 /* MeasurePointFavoriteEmptyCell.swift */ = {isa = PBXFileReference; lastKnownFileType = sourcecode.swift; path = MeasurePointFavoriteEmptyCell.swift; sourceTree = "<group>"; };
		45B181FF20D5D070008E7843 /* DetailViewController.swift */ = {isa = PBXFileReference; fileEncoding = 4; lastKnownFileType = sourcecode.swift; path = DetailViewController.swift; sourceTree = "<group>"; };
		45FB99B920CC7866000EA007 /* DetailData.swift */ = {isa = PBXFileReference; lastKnownFileType = sourcecode.swift; path = DetailData.swift; sourceTree = "<group>"; };
		758F1B8B0F74B99CE932DED1 /* Pods_MeasurePoints.framework */ = {isa = PBXFileReference; explicitFileType = wrapper.framework; includeInIndex = 0; path = Pods_MeasurePoints.framework; sourceTree = BUILT_PRODUCTS_DIR; };
/* End PBXFileReference section */

/* Begin PBXFrameworksBuildPhase section */
		4550389B20B099DB006CE5EB /* Frameworks */ = {
			isa = PBXFrameworksBuildPhase;
			buildActionMask = 2147483647;
			files = (
				455038B720B099F5006CE5EB /* MapKit.framework in Frameworks */,
				C00C781DE5005DB365F5EBF0 /* Pods_MeasurePoints.framework in Frameworks */,
			);
			runOnlyForDeploymentPostprocessing = 0;
		};
/* End PBXFrameworksBuildPhase section */

/* Begin PBXGroup section */
		3651278AE9E520C3C77C8315 /* Pods */ = {
			isa = PBXGroup;
			children = (
				34E1FCEC380C4EAB2F579894 /* Pods-MeasurePoints.debug.xcconfig */,
				21DB0E213EB2116F34D26280 /* Pods-MeasurePoints.release.xcconfig */,
			);
			name = Pods;
			sourceTree = "<group>";
		};
		4538AB5E20B09BF700961E34 /* Models */ = {
			isa = PBXGroup;
			children = (
				4538AB5F20B09C0A00961E34 /* MeasurePoint.swift */,
				4535045620B9F678003BFF6F /* MeasurePointClass.swift */,
				4563DF6720C722A1007BFEED /* MeasureReading.swift */,
			);
			path = Models;
			sourceTree = "<group>";
		};
		4538AB6320B09FF100961E34 /* DataAccess */ = {
			isa = PBXGroup;
			children = (
				4538AB6120B09FE900961E34 /* QueryServices.swift */,
				4538AB6620B0A88900961E34 /* AppData.swift */,
				45FB99B920CC7866000EA007 /* DetailData.swift */,
				455867DF20D6BAB100A5F7C6 /* FileAccess.swift */,
			);
			path = DataAccess;
			sourceTree = "<group>";
		};
		4550389520B099DB006CE5EB = {
			isa = PBXGroup;
			children = (
				455038A020B099DB006CE5EB /* MeasurePoints */,
				4550389F20B099DB006CE5EB /* Products */,
				455038B520B099F5006CE5EB /* Frameworks */,
				3651278AE9E520C3C77C8315 /* Pods */,
			);
			sourceTree = "<group>";
		};
		4550389F20B099DB006CE5EB /* Products */ = {
			isa = PBXGroup;
			children = (
				4550389E20B099DB006CE5EB /* MeasurePoints.app */,
			);
			name = Products;
			sourceTree = "<group>";
		};
		455038A020B099DB006CE5EB /* MeasurePoints */ = {
			isa = PBXGroup;
			children = (
				4575499520DF04A40096BCE3 /* Extensions */,
				4538AB6320B09FF100961E34 /* DataAccess */,
				4538AB5E20B09BF700961E34 /* Models */,
				455038A120B099DB006CE5EB /* AppDelegate.swift */,
				455038B820B09A1A006CE5EB /* ViewModels */,
				455038B920B09A25006CE5EB /* Storyboards */,
				455038AA20B099DC006CE5EB /* Assets.xcassets */,
				455038AF20B099DC006CE5EB /* Info.plist */,
			);
			path = MeasurePoints;
			sourceTree = "<group>";
		};
		455038B520B099F5006CE5EB /* Frameworks */ = {
			isa = PBXGroup;
			children = (
				455038B620B099F5006CE5EB /* MapKit.framework */,
				758F1B8B0F74B99CE932DED1 /* Pods_MeasurePoints.framework */,
			);
			name = Frameworks;
			sourceTree = "<group>";
		};
		455038B820B09A1A006CE5EB /* ViewModels */ = {
			isa = PBXGroup;
			children = (
				45B181FF20D5D070008E7843 /* DetailViewController.swift */,
				450D020420B0E4630025C2A2 /* MapViewController.swift */,
				450D020620B0EBBB0025C2A2 /* MeasurePointsDataTableViewController.swift */,
				450D020820B0F1C80025C2A2 /* MeasurePointTableViewCell.swift */,
				45198DB320D5957600D4D3C9 /* FavoritesViewController.swift */,
				45872F1220DB401F005B0946 /* MeasurePointFavoriteEmptyCell.swift */,
			);
			path = ViewModels;
			sourceTree = "<group>";
		};
		455038B920B09A25006CE5EB /* Storyboards */ = {
			isa = PBXGroup;
			children = (
				455038A720B099DB006CE5EB /* Main.storyboard */,
				455038AC20B099DC006CE5EB /* LaunchScreen.storyboard */,
			);
			path = Storyboards;
			sourceTree = "<group>";
		};
		4575499520DF04A40096BCE3 /* Extensions */ = {
			isa = PBXGroup;
			children = (
				4575499320DF04960096BCE3 /* UIViewControllerExtensions.swift */,
			);
			path = Extensions;
			sourceTree = "<group>";
		};
/* End PBXGroup section */

/* Begin PBXNativeTarget section */
		4550389D20B099DB006CE5EB /* MeasurePoints */ = {
			isa = PBXNativeTarget;
			buildConfigurationList = 455038B220B099DC006CE5EB /* Build configuration list for PBXNativeTarget "MeasurePoints" */;
			buildPhases = (
				A91042FF8E32B19CF9AE5784 /* [CP] Check Pods Manifest.lock */,
				4550389A20B099DB006CE5EB /* Sources */,
				4550389B20B099DB006CE5EB /* Frameworks */,
				4550389C20B099DB006CE5EB /* Resources */,
				C44062716DE1A5F81EF1B4F5 /* [CP] Embed Pods Frameworks */,
			);
			buildRules = (
			);
			dependencies = (
			);
			name = MeasurePoints;
			productName = MeasurePoints;
			productReference = 4550389E20B099DB006CE5EB /* MeasurePoints.app */;
			productType = "com.apple.product-type.application";
		};
/* End PBXNativeTarget section */

/* Begin PBXProject section */
		4550389620B099DB006CE5EB /* Project object */ = {
			isa = PBXProject;
			attributes = {
				LastSwiftUpdateCheck = 0930;
				LastUpgradeCheck = 0930;
				ORGANIZATIONNAME = madcrow;
				TargetAttributes = {
					4550389D20B099DB006CE5EB = {
						CreatedOnToolsVersion = 9.3;
						SystemCapabilities = {
							com.apple.Maps.iOS = {
								enabled = 1;
							};
						};
					};
				};
			};
			buildConfigurationList = 4550389920B099DB006CE5EB /* Build configuration list for PBXProject "MeasurePoints" */;
			compatibilityVersion = "Xcode 9.3";
			developmentRegion = en;
			hasScannedForEncodings = 0;
			knownRegions = (
				en,
				Base,
			);
			mainGroup = 4550389520B099DB006CE5EB;
			productRefGroup = 4550389F20B099DB006CE5EB /* Products */;
			projectDirPath = "";
			projectRoot = "";
			targets = (
				4550389D20B099DB006CE5EB /* MeasurePoints */,
			);
		};
/* End PBXProject section */

/* Begin PBXResourcesBuildPhase section */
		4550389C20B099DB006CE5EB /* Resources */ = {
			isa = PBXResourcesBuildPhase;
			buildActionMask = 2147483647;
			files = (
				455038AE20B099DC006CE5EB /* LaunchScreen.storyboard in Resources */,
				455038AB20B099DC006CE5EB /* Assets.xcassets in Resources */,
				455038A920B099DB006CE5EB /* Main.storyboard in Resources */,
			);
			runOnlyForDeploymentPostprocessing = 0;
		};
/* End PBXResourcesBuildPhase section */

/* Begin PBXShellScriptBuildPhase section */
		A91042FF8E32B19CF9AE5784 /* [CP] Check Pods Manifest.lock */ = {
			isa = PBXShellScriptBuildPhase;
			buildActionMask = 2147483647;
			files = (
			);
			inputPaths = (
				"${PODS_PODFILE_DIR_PATH}/Podfile.lock",
				"${PODS_ROOT}/Manifest.lock",
			);
			name = "[CP] Check Pods Manifest.lock";
			outputPaths = (
				"$(DERIVED_FILE_DIR)/Pods-MeasurePoints-checkManifestLockResult.txt",
			);
			runOnlyForDeploymentPostprocessing = 0;
			shellPath = /bin/sh;
			shellScript = "diff \"${PODS_PODFILE_DIR_PATH}/Podfile.lock\" \"${PODS_ROOT}/Manifest.lock\" > /dev/null\nif [ $? != 0 ] ; then\n    # print error to STDERR\n    echo \"error: The sandbox is not in sync with the Podfile.lock. Run 'pod install' or update your CocoaPods installation.\" >&2\n    exit 1\nfi\n# This output is used by Xcode 'outputs' to avoid re-running this script phase.\necho \"SUCCESS\" > \"${SCRIPT_OUTPUT_FILE_0}\"\n";
			showEnvVarsInLog = 0;
		};
		C44062716DE1A5F81EF1B4F5 /* [CP] Embed Pods Frameworks */ = {
			isa = PBXShellScriptBuildPhase;
			buildActionMask = 2147483647;
			files = (
			);
			inputPaths = (
				"${SRCROOT}/Pods/Target Support Files/Pods-MeasurePoints/Pods-MeasurePoints-frameworks.sh",
				"${BUILT_PRODUCTS_DIR}/Alamofire/Alamofire.framework",
				"${BUILT_PRODUCTS_DIR}/AlamofireImage/AlamofireImage.framework",
				"${BUILT_PRODUCTS_DIR}/Charts/Charts.framework",
				"${BUILT_PRODUCTS_DIR}/MBProgressHUD/MBProgressHUD.framework",
			);
			name = "[CP] Embed Pods Frameworks";
			outputPaths = (
				"${TARGET_BUILD_DIR}/${FRAMEWORKS_FOLDER_PATH}/Alamofire.framework",
				"${TARGET_BUILD_DIR}/${FRAMEWORKS_FOLDER_PATH}/AlamofireImage.framework",
				"${TARGET_BUILD_DIR}/${FRAMEWORKS_FOLDER_PATH}/Charts.framework",
				"${TARGET_BUILD_DIR}/${FRAMEWORKS_FOLDER_PATH}/MBProgressHUD.framework",
			);
			runOnlyForDeploymentPostprocessing = 0;
			shellPath = /bin/sh;
			shellScript = "\"${SRCROOT}/Pods/Target Support Files/Pods-MeasurePoints/Pods-MeasurePoints-frameworks.sh\"\n";
			showEnvVarsInLog = 0;
		};
/* End PBXShellScriptBuildPhase section */

/* Begin PBXSourcesBuildPhase section */
		4550389A20B099DB006CE5EB /* Sources */ = {
			isa = PBXSourcesBuildPhase;
			buildActionMask = 2147483647;
			files = (
				45B1820020D5D070008E7843 /* DetailViewController.swift in Sources */,
				4538AB6020B09C0A00961E34 /* MeasurePoint.swift in Sources */,
				45198DB420D5957600D4D3C9 /* FavoritesViewController.swift in Sources */,
				4563DF6820C722A1007BFEED /* MeasureReading.swift in Sources */,
				450D020720B0EBBB0025C2A2 /* MeasurePointsDataTableViewController.swift in Sources */,
				4535045720B9F678003BFF6F /* MeasurePointClass.swift in Sources */,
				4538AB6220B09FE900961E34 /* QueryServices.swift in Sources */,
				4575499420DF04960096BCE3 /* UIViewControllerExtensions.swift in Sources */,
				45FB99BA20CC7866000EA007 /* DetailData.swift in Sources */,
				455038A220B099DB006CE5EB /* AppDelegate.swift in Sources */,
				45872F1320DB401F005B0946 /* MeasurePointFavoriteEmptyCell.swift in Sources */,
				455867E020D6BAB100A5F7C6 /* FileAccess.swift in Sources */,
				4538AB6720B0A88900961E34 /* AppData.swift in Sources */,
				450D020520B0E4630025C2A2 /* MapViewController.swift in Sources */,
				450D020920B0F1C80025C2A2 /* MeasurePointTableViewCell.swift in Sources */,
			);
			runOnlyForDeploymentPostprocessing = 0;
		};
/* End PBXSourcesBuildPhase section */

/* Begin PBXVariantGroup section */
		455038A720B099DB006CE5EB /* Main.storyboard */ = {
			isa = PBXVariantGroup;
			children = (
				455038A820B099DB006CE5EB /* Base */,
			);
			name = Main.storyboard;
			sourceTree = "<group>";
		};
		455038AC20B099DC006CE5EB /* LaunchScreen.storyboard */ = {
			isa = PBXVariantGroup;
			children = (
				455038AD20B099DC006CE5EB /* Base */,
			);
			name = LaunchScreen.storyboard;
			sourceTree = "<group>";
		};
/* End PBXVariantGroup section */

/* Begin XCBuildConfiguration section */
		455038B020B099DC006CE5EB /* Debug */ = {
			isa = XCBuildConfiguration;
			buildSettings = {
				ALWAYS_SEARCH_USER_PATHS = NO;
				CLANG_ANALYZER_NONNULL = YES;
				CLANG_ANALYZER_NUMBER_OBJECT_CONVERSION = YES_AGGRESSIVE;
				CLANG_CXX_LANGUAGE_STANDARD = "gnu++14";
				CLANG_CXX_LIBRARY = "libc++";
				CLANG_ENABLE_MODULES = YES;
				CLANG_ENABLE_OBJC_ARC = YES;
				CLANG_ENABLE_OBJC_WEAK = YES;
				CLANG_WARN_BLOCK_CAPTURE_AUTORELEASING = YES;
				CLANG_WARN_BOOL_CONVERSION = YES;
				CLANG_WARN_COMMA = YES;
				CLANG_WARN_CONSTANT_CONVERSION = YES;
				CLANG_WARN_DEPRECATED_OBJC_IMPLEMENTATIONS = YES;
				CLANG_WARN_DIRECT_OBJC_ISA_USAGE = YES_ERROR;
				CLANG_WARN_DOCUMENTATION_COMMENTS = YES;
				CLANG_WARN_EMPTY_BODY = YES;
				CLANG_WARN_ENUM_CONVERSION = YES;
				CLANG_WARN_INFINITE_RECURSION = YES;
				CLANG_WARN_INT_CONVERSION = YES;
				CLANG_WARN_NON_LITERAL_NULL_CONVERSION = YES;
				CLANG_WARN_OBJC_IMPLICIT_RETAIN_SELF = YES;
				CLANG_WARN_OBJC_LITERAL_CONVERSION = YES;
				CLANG_WARN_OBJC_ROOT_CLASS = YES_ERROR;
				CLANG_WARN_RANGE_LOOP_ANALYSIS = YES;
				CLANG_WARN_STRICT_PROTOTYPES = YES;
				CLANG_WARN_SUSPICIOUS_MOVE = YES;
				CLANG_WARN_UNGUARDED_AVAILABILITY = YES_AGGRESSIVE;
				CLANG_WARN_UNREACHABLE_CODE = YES;
				CLANG_WARN__DUPLICATE_METHOD_MATCH = YES;
				CODE_SIGN_IDENTITY = "iPhone Developer";
				COPY_PHASE_STRIP = NO;
				DEBUG_INFORMATION_FORMAT = dwarf;
				ENABLE_STRICT_OBJC_MSGSEND = YES;
				ENABLE_TESTABILITY = YES;
				GCC_C_LANGUAGE_STANDARD = gnu11;
				GCC_DYNAMIC_NO_PIC = NO;
				GCC_NO_COMMON_BLOCKS = YES;
				GCC_OPTIMIZATION_LEVEL = 0;
				GCC_PREPROCESSOR_DEFINITIONS = (
					"DEBUG=1",
					"$(inherited)",
				);
				GCC_WARN_64_TO_32_BIT_CONVERSION = YES;
				GCC_WARN_ABOUT_RETURN_TYPE = YES_ERROR;
				GCC_WARN_UNDECLARED_SELECTOR = YES;
				GCC_WARN_UNINITIALIZED_AUTOS = YES_AGGRESSIVE;
				GCC_WARN_UNUSED_FUNCTION = YES;
				GCC_WARN_UNUSED_VARIABLE = YES;
				IPHONEOS_DEPLOYMENT_TARGET = 10.0;
				MTL_ENABLE_DEBUG_INFO = YES;
				ONLY_ACTIVE_ARCH = YES;
				SDKROOT = iphoneos;
				SWIFT_ACTIVE_COMPILATION_CONDITIONS = DEBUG;
				SWIFT_OPTIMIZATION_LEVEL = "-Onone";
			};
			name = Debug;
		};
		455038B120B099DC006CE5EB /* Release */ = {
			isa = XCBuildConfiguration;
			buildSettings = {
				ALWAYS_SEARCH_USER_PATHS = NO;
				CLANG_ANALYZER_NONNULL = YES;
				CLANG_ANALYZER_NUMBER_OBJECT_CONVERSION = YES_AGGRESSIVE;
				CLANG_CXX_LANGUAGE_STANDARD = "gnu++14";
				CLANG_CXX_LIBRARY = "libc++";
				CLANG_ENABLE_MODULES = YES;
				CLANG_ENABLE_OBJC_ARC = YES;
				CLANG_ENABLE_OBJC_WEAK = YES;
				CLANG_WARN_BLOCK_CAPTURE_AUTORELEASING = YES;
				CLANG_WARN_BOOL_CONVERSION = YES;
				CLANG_WARN_COMMA = YES;
				CLANG_WARN_CONSTANT_CONVERSION = YES;
				CLANG_WARN_DEPRECATED_OBJC_IMPLEMENTATIONS = YES;
				CLANG_WARN_DIRECT_OBJC_ISA_USAGE = YES_ERROR;
				CLANG_WARN_DOCUMENTATION_COMMENTS = YES;
				CLANG_WARN_EMPTY_BODY = YES;
				CLANG_WARN_ENUM_CONVERSION = YES;
				CLANG_WARN_INFINITE_RECURSION = YES;
				CLANG_WARN_INT_CONVERSION = YES;
				CLANG_WARN_NON_LITERAL_NULL_CONVERSION = YES;
				CLANG_WARN_OBJC_IMPLICIT_RETAIN_SELF = YES;
				CLANG_WARN_OBJC_LITERAL_CONVERSION = YES;
				CLANG_WARN_OBJC_ROOT_CLASS = YES_ERROR;
				CLANG_WARN_RANGE_LOOP_ANALYSIS = YES;
				CLANG_WARN_STRICT_PROTOTYPES = YES;
				CLANG_WARN_SUSPICIOUS_MOVE = YES;
				CLANG_WARN_UNGUARDED_AVAILABILITY = YES_AGGRESSIVE;
				CLANG_WARN_UNREACHABLE_CODE = YES;
				CLANG_WARN__DUPLICATE_METHOD_MATCH = YES;
				CODE_SIGN_IDENTITY = "iPhone Developer";
				COPY_PHASE_STRIP = NO;
				DEBUG_INFORMATION_FORMAT = "dwarf-with-dsym";
				ENABLE_NS_ASSERTIONS = NO;
				ENABLE_STRICT_OBJC_MSGSEND = YES;
				GCC_C_LANGUAGE_STANDARD = gnu11;
				GCC_NO_COMMON_BLOCKS = YES;
				GCC_WARN_64_TO_32_BIT_CONVERSION = YES;
				GCC_WARN_ABOUT_RETURN_TYPE = YES_ERROR;
				GCC_WARN_UNDECLARED_SELECTOR = YES;
				GCC_WARN_UNINITIALIZED_AUTOS = YES_AGGRESSIVE;
				GCC_WARN_UNUSED_FUNCTION = YES;
				GCC_WARN_UNUSED_VARIABLE = YES;
				IPHONEOS_DEPLOYMENT_TARGET = 10.0;
				MTL_ENABLE_DEBUG_INFO = NO;
				SDKROOT = iphoneos;
				SWIFT_COMPILATION_MODE = wholemodule;
				SWIFT_OPTIMIZATION_LEVEL = "-O";
				VALIDATE_PRODUCT = YES;
			};
			name = Release;
		};
		455038B320B099DC006CE5EB /* Debug */ = {
			isa = XCBuildConfiguration;
			baseConfigurationReference = 34E1FCEC380C4EAB2F579894 /* Pods-MeasurePoints.debug.xcconfig */;
			buildSettings = {
				ASSETCATALOG_COMPILER_APPICON_NAME = AppIcon;
				CODE_SIGN_STYLE = Automatic;
				DEVELOPMENT_TEAM = R2VMW7DS7Z;
				INFOPLIST_FILE = MeasurePoints/Info.plist;
				IPHONEOS_DEPLOYMENT_TARGET = 11.4;
				LD_RUNPATH_SEARCH_PATHS = (
					"$(inherited)",
					"@executable_path/Frameworks",
				);
				PRODUCT_BUNDLE_IDENTIFIER = com.madcrow.MeasurePoints;
				PRODUCT_NAME = "$(TARGET_NAME)";
				SWIFT_VERSION = 4.0;
				TARGETED_DEVICE_FAMILY = "1,2";
			};
			name = Debug;
		};
		455038B420B099DC006CE5EB /* Release */ = {
			isa = XCBuildConfiguration;
			baseConfigurationReference = 21DB0E213EB2116F34D26280 /* Pods-MeasurePoints.release.xcconfig */;
			buildSettings = {
				ASSETCATALOG_COMPILER_APPICON_NAME = AppIcon;
				CODE_SIGN_STYLE = Automatic;
				DEVELOPMENT_TEAM = R2VMW7DS7Z;
				INFOPLIST_FILE = MeasurePoints/Info.plist;
				IPHONEOS_DEPLOYMENT_TARGET = 11.4;
				LD_RUNPATH_SEARCH_PATHS = (
					"$(inherited)",
					"@executable_path/Frameworks",
				);
				PRODUCT_BUNDLE_IDENTIFIER = com.madcrow.MeasurePoints;
				PRODUCT_NAME = "$(TARGET_NAME)";
				SWIFT_VERSION = 4.0;
				TARGETED_DEVICE_FAMILY = "1,2";
			};
			name = Release;
		};
/* End XCBuildConfiguration section */

/* Begin XCConfigurationList section */
		4550389920B099DB006CE5EB /* Build configuration list for PBXProject "MeasurePoints" */ = {
			isa = XCConfigurationList;
			buildConfigurations = (
				455038B020B099DC006CE5EB /* Debug */,
				455038B120B099DC006CE5EB /* Release */,
			);
			defaultConfigurationIsVisible = 0;
			defaultConfigurationName = Release;
		};
		455038B220B099DC006CE5EB /* Build configuration list for PBXNativeTarget "MeasurePoints" */ = {
			isa = XCConfigurationList;
			buildConfigurations = (
				455038B320B099DC006CE5EB /* Debug */,
				455038B420B099DC006CE5EB /* Release */,
			);
			defaultConfigurationIsVisible = 0;
			defaultConfigurationName = Release;
		};
/* End XCConfigurationList section */
	};
	rootObject = 4550389620B099DB006CE5EB /* Project object */;
}
